
Microsoft Visual Studio Solution File, Format Version 12.00
# Visual Studio Version 17
VisualStudioVersion = 17.13.35825.156 d17.13
MinimumVisualStudioVersion = 10.0.40219.1
Project("{FAE04EC0-301F-11D3-BF4B-00C04F79EFBC}") = "ConsoleApp5", "ConsoleApp5\ConsoleApp5.csproj", "{DBDF0C16-587C-4200-BF17-1A86136CB55F}"
EndProject
Global
	GlobalSection(SolutionConfigurationPlatforms) = preSolution
		Debug|Any CPU = Debug|Any CPU
		Release|Any CPU = Release|Any CPU
	EndGlobalSection
	GlobalSection(ProjectConfigurationPlatforms) = postSolution
		{DBDF0C16-587C-4200-BF17-1A86136CB55F}.Debug|Any CPU.ActiveCfg = Debug|Any CPU
		{DBDF0C16-587C-4200-BF17-1A86136CB55F}.Debug|Any CPU.Build.0 = Debug|Any CPU
		{DBDF0C16-587C-4200-BF17-1A86136CB55F}.Release|Any CPU.ActiveCfg = Release|Any CPU
		{DBDF0C16-587C-4200-BF17-1A86136CB55F}.Release|Any CPU.Build.0 = Release|Any CPU
	EndGlobalSection
	GlobalSection(SolutionProperties) = preSolution
		HideSolutionNode = FALSE
	EndGlobalSection
	GlobalSection(ExtensibilityGlobals) = postSolution
		SolutionGuid = {0CDDFBE4-9878-419E-A0B5-97875541F421}
	EndGlobalSection
EndGlobal
