
Microsoft Visual Studio Solution File, Format Version 12.00
# Visual Studio Version 17
VisualStudioVersion = 17.13.35825.156 d17.13
MinimumVisualStudioVersion = 10.0.40219.1
Project("{FAE04EC0-301F-11D3-BF4B-00C04F79EFBC}") = "ConsoleApp5", "ConsoleApp5\ConsoleApp5.csproj", "{8F48B0AA-ABA1-4C2D-8041-7189EF76C072}"
EndProject
Global
	GlobalSection(SolutionConfigurationPlatforms) = preSolution
		Debug|Any CPU = Debug|Any CPU
		Release|Any CPU = Release|Any CPU
	EndGlobalSection
	GlobalSection(ProjectConfigurationPlatforms) = postSolution
		{8F48B0AA-ABA1-4C2D-8041-7189EF76C072}.Debug|Any CPU.ActiveCfg = Debug|Any CPU
		{8F48B0AA-ABA1-4C2D-8041-7189EF76C072}.Debug|Any CPU.Build.0 = Debug|Any CPU
		{8F48B0AA-ABA1-4C2D-8041-7189EF76C072}.Release|Any CPU.ActiveCfg = Release|Any CPU
		{8F48B0AA-ABA1-4C2D-8041-7189EF76C072}.Release|Any CPU.Build.0 = Release|Any CPU
	EndGlobalSection
	GlobalSection(SolutionProperties) = preSolution
		HideSolutionNode = FALSE
	EndGlobalSection
	GlobalSection(ExtensibilityGlobals) = postSolution
		SolutionGuid = {3D02BA9C-C1F0-40C5-8DA4-455EAC4E4714}
	EndGlobalSection
EndGlobal
