
Microsoft Visual Studio Solution File, Format Version 12.00
# Visual Studio Version 17
VisualStudioVersion = 17.13.35825.156 d17.13
MinimumVisualStudioVersion = 10.0.40219.1
Project("{FAE04EC0-301F-11D3-BF4B-00C04F79EFBC}") = "дз5_шифр цезаря", "дз5_шифр цезаря\дз5_шифр цезаря.csproj", "{BF42DF1E-571A-4E17-8DCC-3D34A187ED50}"
EndProject
Global
	GlobalSection(SolutionConfigurationPlatforms) = preSolution
		Debug|Any CPU = Debug|Any CPU
		Release|Any CPU = Release|Any CPU
	EndGlobalSection
	GlobalSection(ProjectConfigurationPlatforms) = postSolution
		{BF42DF1E-571A-4E17-8DCC-3D34A187ED50}.Debug|Any CPU.ActiveCfg = Debug|Any CPU
		{BF42DF1E-571A-4E17-8DCC-3D34A187ED50}.Debug|Any CPU.Build.0 = Debug|Any CPU
		{BF42DF1E-571A-4E17-8DCC-3D34A187ED50}.Release|Any CPU.ActiveCfg = Release|Any CPU
		{BF42DF1E-571A-4E17-8DCC-3D34A187ED50}.Release|Any CPU.Build.0 = Release|Any CPU
	EndGlobalSection
	GlobalSection(SolutionProperties) = preSolution
		HideSolutionNode = FALSE
	EndGlobalSection
	GlobalSection(ExtensibilityGlobals) = postSolution
		SolutionGuid = {1EFBECE2-EF1D-4D4B-B33F-9246B9D20ABC}
	EndGlobalSection
EndGlobal
